
Microsoft Visual Studio Solution File, Format Version 12.00
# Visual Studio Version 17
VisualStudioVersion = 17.11.35222.181
MinimumVisualStudioVersion = 10.0.40219.1
Project("{9A19103F-16F7-4668-BE54-9A1E7A4F7556}") = "ProducerApp", "ProducerApp\ProducerApp.csproj", "{ADDE4795-FBA3-4BA7-A684-14AB11175FED}"
EndProject
Project("{9A19103F-16F7-4668-BE54-9A1E7A4F7556}") = "Helper", "Helper\Helper.csproj", "{BF879CE0-3517-4B0F-8644-3982D02E651D}"
EndProject
Project("{9A19103F-16F7-4668-BE54-9A1E7A4F7556}") = "SmsConsumerApp", "SmsConsumerApp\SmsConsumerApp.csproj", "{5006C528-48F5-4DDA-949D-058926002B1F}"
EndProject
Project("{9A19103F-16F7-4668-BE54-9A1E7A4F7556}") = "EmailConsumerApp", "EmailConsumerApp\EmailConsumerApp.csproj", "{C00D3D3F-C9A8-482F-AC8A-C82074E9EA65}"
EndProject
Global
	GlobalSection(SolutionConfigurationPlatforms) = preSolution
		Debug|Any CPU = Debug|Any CPU
		Release|Any CPU = Release|Any CPU
	EndGlobalSection
	GlobalSection(ProjectConfigurationPlatforms) = postSolution
		{ADDE4795-FBA3-4BA7-A684-14AB11175FED}.Debug|Any CPU.ActiveCfg = Debug|Any CPU
		{ADDE4795-FBA3-4BA7-A684-14AB11175FED}.Debug|Any CPU.Build.0 = Debug|Any CPU
		{ADDE4795-FBA3-4BA7-A684-14AB11175FED}.Release|Any CPU.ActiveCfg = Release|Any CPU
		{ADDE4795-FBA3-4BA7-A684-14AB11175FED}.Release|Any CPU.Build.0 = Release|Any CPU
		{BF879CE0-3517-4B0F-8644-3982D02E651D}.Debug|Any CPU.ActiveCfg = Debug|Any CPU
		{BF879CE0-3517-4B0F-8644-3982D02E651D}.Debug|Any CPU.Build.0 = Debug|Any CPU
		{BF879CE0-3517-4B0F-8644-3982D02E651D}.Release|Any CPU.ActiveCfg = Release|Any CPU
		{BF879CE0-3517-4B0F-8644-3982D02E651D}.Release|Any CPU.Build.0 = Release|Any CPU
		{5006C528-48F5-4DDA-949D-058926002B1F}.Debug|Any CPU.ActiveCfg = Debug|Any CPU
		{5006C528-48F5-4DDA-949D-058926002B1F}.Debug|Any CPU.Build.0 = Debug|Any CPU
		{5006C528-48F5-4DDA-949D-058926002B1F}.Release|Any CPU.ActiveCfg = Release|Any CPU
		{5006C528-48F5-4DDA-949D-058926002B1F}.Release|Any CPU.Build.0 = Release|Any CPU
		{C00D3D3F-C9A8-482F-AC8A-C82074E9EA65}.Debug|Any CPU.ActiveCfg = Debug|Any CPU
		{C00D3D3F-C9A8-482F-AC8A-C82074E9EA65}.Debug|Any CPU.Build.0 = Debug|Any CPU
		{C00D3D3F-C9A8-482F-AC8A-C82074E9EA65}.Release|Any CPU.ActiveCfg = Release|Any CPU
		{C00D3D3F-C9A8-482F-AC8A-C82074E9EA65}.Release|Any CPU.Build.0 = Release|Any CPU
	EndGlobalSection
	GlobalSection(SolutionProperties) = preSolution
		HideSolutionNode = FALSE
	EndGlobalSection
	GlobalSection(ExtensibilityGlobals) = postSolution
		SolutionGuid = {F2B4B6CD-08DA-4488-8C6F-255EE6E88B84}
	EndGlobalSection
EndGlobal
